{
  "name": "@zsz1210/temple-ai-dev-org",
  "version": "0.1.0-alpha.17",
  "lockfileVersion": 3,
  "requires": true,
  "packages": {
    "": {
      "name": "@zsz1210/temple-ai-dev-org",
      "version": "0.1.0-alpha.17",
      "license": "MIT",
      "bin": {
        "temple": "bin/temple.mjs"
      },
      "engines": {
        "node": ">=20"
      }
    }
  }
}
