{
  "name": "@zsz1210/ai-development-org-template",
  "version": "0.1.0-alpha.1",
  "lockfileVersion": 3,
  "requires": true,
  "packages": {
    "": {
      "name": "@zsz1210/ai-development-org-template",
      "version": "0.1.0-alpha.1",
      "bin": {
        "temple": "bin/temple.mjs"
      },
      "engines": {
        "node": ">=20"
      }
    }
  }
}
